Microsoft Visual Studio Solution File, Format Version 12.00
# Visual Studio Version 17
VisualStudioVersion = 17.5.2.0
MinimumVisualStudioVersion = 10.0.40219.1
Project("{FAE04EC0-301F-11D3-BF4B-00C04F79EFBC}") = "azd-extension", "azd-extension.csproj", "{236A3659-9D1B-AE95-BC84-C48E7489BC36}"
EndProject
Global
	GlobalSection(SolutionConfigurationPlatforms) = preSolution
		Debug|Any CPU = Debug|Any CPU
		Release|Any CPU = Release|Any CPU
	EndGlobalSection
	GlobalSection(ProjectConfigurationPlatforms) = postSolution
		{236A3659-9D1B-AE95-BC84-C48E7489BC36}.Debug|Any CPU.ActiveCfg = Debug|Any CPU
		{236A3659-9D1B-AE95-BC84-C48E7489BC36}.Debug|Any CPU.Build.0 = Debug|Any CPU
		{236A3659-9D1B-AE95-BC84-C48E7489BC36}.Release|Any CPU.ActiveCfg = Release|Any CPU
		{236A3659-9D1B-AE95-BC84-C48E7489BC36}.Release|Any CPU.Build.0 = Release|Any CPU
	EndGlobalSection
	GlobalSection(SolutionProperties) = preSolution
		HideSolutionNode = FALSE
	EndGlobalSection
	GlobalSection(ExtensibilityGlobals) = postSolution
		SolutionGuid = {1EADC57C-27BE-4433-A8C6-AF186F29F2A2}
	EndGlobalSection
EndGlobal
